
Microsoft Visual Studio Solution File, Format Version 12.00
# Visual Studio Version 17
VisualStudioVersion = 17.8.34316.72
MinimumVisualStudioVersion = 10.0.40219.1
Project("{FAE04EC0-301F-11D3-BF4B-00C04F79EFBC}") = "Day5", "Day5.csproj", "{852FD941-1112-4BCD-9AC4-87D58D506143}"
EndProject
Global
	GlobalSection(SolutionConfigurationPlatforms) = preSolution
		Debug|Any CPU = Debug|Any CPU
		Release|Any CPU = Release|Any CPU
	EndGlobalSection
	GlobalSection(ProjectConfigurationPlatforms) = postSolution
		{852FD941-1112-4BCD-9AC4-87D58D506143}.Debug|Any CPU.ActiveCfg = Debug|Any CPU
		{852FD941-1112-4BCD-9AC4-87D58D506143}.Debug|Any CPU.Build.0 = Debug|Any CPU
		{852FD941-1112-4BCD-9AC4-87D58D506143}.Release|Any CPU.ActiveCfg = Release|Any CPU
		{852FD941-1112-4BCD-9AC4-87D58D506143}.Release|Any CPU.Build.0 = Release|Any CPU
	EndGlobalSection
	GlobalSection(SolutionProperties) = preSolution
		HideSolutionNode = FALSE
	EndGlobalSection
	GlobalSection(ExtensibilityGlobals) = postSolution
		SolutionGuid = {AF039156-8F27-48A4-B232-963081A380CC}
	EndGlobalSection
EndGlobal
